
Microsoft Visual Studio Solution File, Format Version 12.00
# Visual Studio 15
VisualStudioVersion = 15.0.27703.2042
MinimumVisualStudioVersion = 10.0.40219.1
Project("{FAE04EC0-301F-11D3-BF4B-00C04F79EFBC}") = "Runner", "Runner.csproj", "{0BB931C4-7EFC-45F9-86CB-2F72B2D18591}"
EndProject
Global
	GlobalSection(SolutionConfigurationPlatforms) = preSolution
		Debug|Any CPU = Debug|Any CPU
		Release|Any CPU = Release|Any CPU
	EndGlobalSection
	GlobalSection(ProjectConfigurationPlatforms) = postSolution
		{0BB931C4-7EFC-45F9-86CB-2F72B2D18591}.Debug|Any CPU.ActiveCfg = Debug|Any CPU
		{0BB931C4-7EFC-45F9-86CB-2F72B2D18591}.Debug|Any CPU.Build.0 = Debug|Any CPU
		{0BB931C4-7EFC-45F9-86CB-2F72B2D18591}.Release|Any CPU.ActiveCfg = Release|Any CPU
		{0BB931C4-7EFC-45F9-86CB-2F72B2D18591}.Release|Any CPU.Build.0 = Release|Any CPU
	EndGlobalSection
	GlobalSection(SolutionProperties) = preSolution
		HideSolutionNode = FALSE
	EndGlobalSection
	GlobalSection(ExtensibilityGlobals) = postSolution
		SolutionGuid = {2CE8A7EB-63CD-4643-A0B8-7F462CD84F8C}
	EndGlobalSection
EndGlobal
